
Microsoft Visual Studio Solution File, Format Version 12.00
# Visual Studio 2013
VisualStudioVersion = 12.0.31101.0
MinimumVisualStudioVersion = 10.0.40219.1
Project("{FAE04EC0-301F-11D3-BF4B-00C04F79EFBC}") = "TrackLibrary", "TrackLibrary\TrackLibrary.csproj", "{70DDAF01-DEC7-4BCD-89B5-BF59F17A92FD}"
EndProject
Project("{FAE04EC0-301F-11D3-BF4B-00C04F79EFBC}") = "Library.Core", "Library.Core\Library.Core.csproj", "{C56B63D9-9465-4F91-8BFA-AD12F6CFB22C}"
EndProject
Global
	GlobalSection(SolutionConfigurationPlatforms) = preSolution
		Debug|Any CPU = Debug|Any CPU
		Release|Any CPU = Release|Any CPU
	EndGlobalSection
	GlobalSection(ProjectConfigurationPlatforms) = postSolution
		{70DDAF01-DEC7-4BCD-89B5-BF59F17A92FD}.Debug|Any CPU.ActiveCfg = Debug|Any CPU
		{70DDAF01-DEC7-4BCD-89B5-BF59F17A92FD}.Debug|Any CPU.Build.0 = Debug|Any CPU
		{70DDAF01-DEC7-4BCD-89B5-BF59F17A92FD}.Release|Any CPU.ActiveCfg = Release|Any CPU
		{70DDAF01-DEC7-4BCD-89B5-BF59F17A92FD}.Release|Any CPU.Build.0 = Release|Any CPU
		{C56B63D9-9465-4F91-8BFA-AD12F6CFB22C}.Debug|Any CPU.ActiveCfg = Debug|Any CPU
		{C56B63D9-9465-4F91-8BFA-AD12F6CFB22C}.Debug|Any CPU.Build.0 = Debug|Any CPU
		{C56B63D9-9465-4F91-8BFA-AD12F6CFB22C}.Release|Any CPU.ActiveCfg = Release|Any CPU
		{C56B63D9-9465-4F91-8BFA-AD12F6CFB22C}.Release|Any CPU.Build.0 = Release|Any CPU
	EndGlobalSection
	GlobalSection(SolutionProperties) = preSolution
		HideSolutionNode = FALSE
	EndGlobalSection
EndGlobal
